
Microsoft Visual Studio Solution File, Format Version 12.00
# Visual Studio Version 17
VisualStudioVersion = 17.10.35122.118
MinimumVisualStudioVersion = 10.0.40219.1
Project("{FAE04EC0-301F-11D3-BF4B-00C04F79EFBC}") = "QuanLiMayBay", "QuanLiMayBay\QuanLiMayBay.csproj", "{304ED2B9-F285-43B6-8342-2CCD826A50DC}"
EndProject
Global
	GlobalSection(SolutionConfigurationPlatforms) = preSolution
		Debug|Any CPU = Debug|Any CPU
		Release|Any CPU = Release|Any CPU
	EndGlobalSection
	GlobalSection(ProjectConfigurationPlatforms) = postSolution
		{304ED2B9-F285-43B6-8342-2CCD826A50DC}.Debug|Any CPU.ActiveCfg = Debug|Any CPU
		{304ED2B9-F285-43B6-8342-2CCD826A50DC}.Debug|Any CPU.Build.0 = Debug|Any CPU
		{304ED2B9-F285-43B6-8342-2CCD826A50DC}.Release|Any CPU.ActiveCfg = Release|Any CPU
		{304ED2B9-F285-43B6-8342-2CCD826A50DC}.Release|Any CPU.Build.0 = Release|Any CPU
	EndGlobalSection
	GlobalSection(SolutionProperties) = preSolution
		HideSolutionNode = FALSE
	EndGlobalSection
	GlobalSection(ExtensibilityGlobals) = postSolution
		SolutionGuid = {6B28357D-854F-408C-B9BC-F2ADCFA5186D}
	EndGlobalSection
EndGlobal
